
Microsoft Visual Studio Solution File, Format Version 12.00
# Visual Studio Version 16
VisualStudioVersion = 16.0.31613.86
MinimumVisualStudioVersion = 10.0.40219.1
Project("{FAE04EC0-301F-11D3-BF4B-00C04F79EFBC}") = "ArrayLength", "ArrayLength.csproj", "{C6F379AA-E71A-41BF-BB1C-792FA73E809B}"
EndProject
Global
	GlobalSection(SolutionConfigurationPlatforms) = preSolution
		Debug|Any CPU = Debug|Any CPU
		Release|Any CPU = Release|Any CPU
	EndGlobalSection
	GlobalSection(ProjectConfigurationPlatforms) = postSolution
		{C6F379AA-E71A-41BF-BB1C-792FA73E809B}.Debug|Any CPU.ActiveCfg = Debug|Any CPU
		{C6F379AA-E71A-41BF-BB1C-792FA73E809B}.Debug|Any CPU.Build.0 = Debug|Any CPU
		{C6F379AA-E71A-41BF-BB1C-792FA73E809B}.Release|Any CPU.ActiveCfg = Release|Any CPU
		{C6F379AA-E71A-41BF-BB1C-792FA73E809B}.Release|Any CPU.Build.0 = Release|Any CPU
	EndGlobalSection
	GlobalSection(SolutionProperties) = preSolution
		HideSolutionNode = FALSE
	EndGlobalSection
	GlobalSection(ExtensibilityGlobals) = postSolution
		SolutionGuid = {7234DFE8-6011-4927-AB7B-BD03721DA886}
	EndGlobalSection
EndGlobal
