
Microsoft Visual Studio Solution File, Format Version 12.00
# Visual Studio Version 16
VisualStudioVersion = 16.0.31613.86
MinimumVisualStudioVersion = 10.0.40219.1
Project("{FAE04EC0-301F-11D3-BF4B-00C04F79EFBC}") = "InitializeArray", "InitializeArray.csproj", "{895D13DA-6E79-44BA-A378-C98AA0E736C8}"
EndProject
Global
	GlobalSection(SolutionConfigurationPlatforms) = preSolution
		Debug|Any CPU = Debug|Any CPU
		Release|Any CPU = Release|Any CPU
	EndGlobalSection
	GlobalSection(ProjectConfigurationPlatforms) = postSolution
		{895D13DA-6E79-44BA-A378-C98AA0E736C8}.Debug|Any CPU.ActiveCfg = Debug|Any CPU
		{895D13DA-6E79-44BA-A378-C98AA0E736C8}.Debug|Any CPU.Build.0 = Debug|Any CPU
		{895D13DA-6E79-44BA-A378-C98AA0E736C8}.Release|Any CPU.ActiveCfg = Release|Any CPU
		{895D13DA-6E79-44BA-A378-C98AA0E736C8}.Release|Any CPU.Build.0 = Release|Any CPU
	EndGlobalSection
	GlobalSection(SolutionProperties) = preSolution
		HideSolutionNode = FALSE
	EndGlobalSection
	GlobalSection(ExtensibilityGlobals) = postSolution
		SolutionGuid = {A3E616C4-44B2-48B8-BB85-DF9856F7510C}
	EndGlobalSection
EndGlobal
